
Microsoft Visual Studio Solution File, Format Version 12.00
# Visual Studio Version 17
VisualStudioVersion = 17.4.33103.184
MinimumVisualStudioVersion = 10.0.40219.1
Project("{FAE04EC0-301F-11D3-BF4B-00C04F79EFBC}") = "ZeroKernel", "ZeroKernel\ZeroKernel.csproj", "{EAE28E5F-260B-4A9D-A298-D78F84506D0F}"
EndProject
Global
	GlobalSection(SolutionConfigurationPlatforms) = preSolution
		Debug|Any CPU = Debug|Any CPU
		Release|Any CPU = Release|Any CPU
	EndGlobalSection
	GlobalSection(ProjectConfigurationPlatforms) = postSolution
		{EAE28E5F-260B-4A9D-A298-D78F84506D0F}.Debug|Any CPU.ActiveCfg = Debug|Any CPU
		{EAE28E5F-260B-4A9D-A298-D78F84506D0F}.Debug|Any CPU.Build.0 = Debug|Any CPU
		{EAE28E5F-260B-4A9D-A298-D78F84506D0F}.Release|Any CPU.ActiveCfg = Release|Any CPU
		{EAE28E5F-260B-4A9D-A298-D78F84506D0F}.Release|Any CPU.Build.0 = Release|Any CPU
	EndGlobalSection
	GlobalSection(SolutionProperties) = preSolution
		HideSolutionNode = FALSE
	EndGlobalSection
	GlobalSection(ExtensibilityGlobals) = postSolution
		SolutionGuid = {83B8E9D2-0EB4-487D-A9F0-3A46A6D7F1CE}
	EndGlobalSection
EndGlobal
